
Microsoft Visual Studio Solution File, Format Version 12.00
# Visual Studio Version 17
VisualStudioVersion = 17.5.33414.496
MinimumVisualStudioVersion = 10.0.40219.1
Project("{8BC9CEB8-8B4A-11D0-8D11-00A0C91BC942}") = "libkc_logger", "libkc_logger.vcxproj", "{62EDEBA7-F314-416B-9990-3FC75FF0E045}"
EndProject
Project("{8BC9CEB8-8B4A-11D0-8D11-00A0C91BC942}") = "test_console_log", "test_console_log\test_console_log.vcxproj", "{B33905A4-EC3C-4B4E-BDCB-1136B701BFAB}"
EndProject
Project("{8BC9CEB8-8B4A-11D0-8D11-00A0C91BC942}") = "test_file_log", "test_file_log\test_file_log.vcxproj", "{7BCACBE1-A4D7-4D3F-8ECC-0A939B54B3AD}"
EndProject
Global
	GlobalSection(SolutionConfigurationPlatforms) = preSolution
		Debug|x64 = Debug|x64
		Debug|x86 = Debug|x86
		Release|x64 = Release|x64
		Release|x86 = Release|x86
	EndGlobalSection
	GlobalSection(ProjectConfigurationPlatforms) = postSolution
		{62EDEBA7-F314-416B-9990-3FC75FF0E045}.Debug|x64.ActiveCfg = Debug|x64
		{62EDEBA7-F314-416B-9990-3FC75FF0E045}.Debug|x64.Build.0 = Debug|x64
		{62EDEBA7-F314-416B-9990-3FC75FF0E045}.Debug|x86.ActiveCfg = Debug|Win32
		{62EDEBA7-F314-416B-9990-3FC75FF0E045}.Debug|x86.Build.0 = Debug|Win32
		{62EDEBA7-F314-416B-9990-3FC75FF0E045}.Release|x64.ActiveCfg = Release|x64
		{62EDEBA7-F314-416B-9990-3FC75FF0E045}.Release|x64.Build.0 = Release|x64
		{62EDEBA7-F314-416B-9990-3FC75FF0E045}.Release|x86.ActiveCfg = Release|Win32
		{62EDEBA7-F314-416B-9990-3FC75FF0E045}.Release|x86.Build.0 = Release|Win32
		{B33905A4-EC3C-4B4E-BDCB-1136B701BFAB}.Debug|x64.ActiveCfg = Debug|x64
		{B33905A4-EC3C-4B4E-BDCB-1136B701BFAB}.Debug|x64.Build.0 = Debug|x64
		{B33905A4-EC3C-4B4E-BDCB-1136B701BFAB}.Debug|x86.ActiveCfg = Debug|Win32
		{B33905A4-EC3C-4B4E-BDCB-1136B701BFAB}.Debug|x86.Build.0 = Debug|Win32
		{B33905A4-EC3C-4B4E-BDCB-1136B701BFAB}.Release|x64.ActiveCfg = Release|x64
		{B33905A4-EC3C-4B4E-BDCB-1136B701BFAB}.Release|x64.Build.0 = Release|x64
		{B33905A4-EC3C-4B4E-BDCB-1136B701BFAB}.Release|x86.ActiveCfg = Release|Win32
		{B33905A4-EC3C-4B4E-BDCB-1136B701BFAB}.Release|x86.Build.0 = Release|Win32
		{7BCACBE1-A4D7-4D3F-8ECC-0A939B54B3AD}.Debug|x64.ActiveCfg = Debug|x64
		{7BCACBE1-A4D7-4D3F-8ECC-0A939B54B3AD}.Debug|x64.Build.0 = Debug|x64
		{7BCACBE1-A4D7-4D3F-8ECC-0A939B54B3AD}.Debug|x86.ActiveCfg = Debug|Win32
		{7BCACBE1-A4D7-4D3F-8ECC-0A939B54B3AD}.Debug|x86.Build.0 = Debug|Win32
		{7BCACBE1-A4D7-4D3F-8ECC-0A939B54B3AD}.Release|x64.ActiveCfg = Release|x64
		{7BCACBE1-A4D7-4D3F-8ECC-0A939B54B3AD}.Release|x64.Build.0 = Release|x64
		{7BCACBE1-A4D7-4D3F-8ECC-0A939B54B3AD}.Release|x86.ActiveCfg = Release|Win32
		{7BCACBE1-A4D7-4D3F-8ECC-0A939B54B3AD}.Release|x86.Build.0 = Release|Win32
	EndGlobalSection
	GlobalSection(SolutionProperties) = preSolution
		HideSolutionNode = FALSE
	EndGlobalSection
	GlobalSection(ExtensibilityGlobals) = postSolution
		SolutionGuid = {33BF6862-955B-46E5-AAC9-6A9A62D58724}
	EndGlobalSection
EndGlobal
